# This file is automatically @generated by Poetry 1.5.1 and should not be changed by hand.

[[package]]
name = "click"
version = "8.1.7"
description = "Composable command line interface toolkit"
optional = false
python-versions = ">=3.7"
files = [
    {file = "click-8.1.7-py3-none-any.whl", hash = "sha256:ae74fb96c20a0277a1d615f1e4d73c8414f5a98db8b799a7931d1582f3390c28"},
    {file = "click-8.1.7.tar.gz", hash = "sha256:ca9853ad459e787e2192211578cc907e7594e294c7ccc834310722b41b9ca6de"},
]

[package.dependencies]
colorama = {version = "*", markers = "platform_system == \"Windows\""}

[[package]]
name = "colorama"
version = "0.4.6"
description = "Cross-platform colored terminal text."
optional = false
python-versions = "!=3.0.*,!=3.1.*,!=3.2.*,!=3.3.*,!=3.4.*,!=3.5.*,!=3.6.*,>=2.7"
files = [
    {file = "colorama-0.4.6-py2.py3-none-any.whl", hash = "sha256:4f1d9991f5acc0ca119f9d443620b77f9d6b33703e51011c16baf57afb285fc6"},
    {file = "colorama-0.4.6.tar.gz", hash = "sha256:08695f5cb7ed6e0531a20572697297273c47b8cae5a63ffc6d6ed5c201be6e44"},
]

[[package]]
name = "packaging"
version = "24.1"
description = "Core utilities for Python packages"
optional = false
python-versions = ">=3.8"
files = [
    {file = "packaging-24.1-py3-none-any.whl", hash = "sha256:5b8f2217dbdbd2f7f384c41c628544e6d52f2d0f53c6d0c3ea61aa5d1d7ff124"},
    {file = "packaging-24.1.tar.gz", hash = "sha256:026ed72c8ed3fcce5bf8950572258698927fd1dbda10a5e981cdf0ac37f4f002"},
]

[[package]]
name = "protobuf"
version = "4.23.1"
description = ""
optional = false
python-versions = ">=3.7"
files = [
    {file = "protobuf-4.23.1-cp310-abi3-win32.whl", hash = "sha256:410bcc0a5b279f634d3e16082ce221dfef7c3392fac723500e2e64d1806dd2be"},
    {file = "protobuf-4.23.1-cp310-abi3-win_amd64.whl", hash = "sha256:32e78beda26d7a101fecf15d7a4a792278a0d26a31bc327ff05564a9d68ab8ee"},
    {file = "protobuf-4.23.1-cp37-abi3-macosx_10_9_universal2.whl", hash = "sha256:f9510cac91e764e86acd74e2b7f7bc5e6127a7f3fb646d7c8033cfb84fd1176a"},
    {file = "protobuf-4.23.1-cp37-abi3-manylinux2014_aarch64.whl", hash = "sha256:346990f634272caac1f09efbcfbbacb23098b1f606d172534c6fa2d9758bb436"},
    {file = "protobuf-4.23.1-cp37-abi3-manylinux2014_x86_64.whl", hash = "sha256:3ce113b3f3362493bddc9069c2163a38f240a9ed685ff83e7bcb756b05e1deb0"},
    {file = "protobuf-4.23.1-cp37-cp37m-win32.whl", hash = "sha256:2036a3a1e7fc27f973fa0a7888dce712393af644f4695385f117886abc792e39"},
    {file = "protobuf-4.23.1-cp37-cp37m-win_amd64.whl", hash = "sha256:3b8905eafe4439076e1f58e9d1fa327025fd2777cf90f14083092ae47f77b0aa"},
    {file = "protobuf-4.23.1-cp38-cp38-win32.whl", hash = "sha256:5b9cd6097e6acae48a68cb29b56bc79339be84eca65b486910bb1e7a30e2b7c1"},
    {file = "protobuf-4.23.1-cp38-cp38-win_amd64.whl", hash = "sha256:decf119d54e820f298ee6d89c72d6b289ea240c32c521f00433f9dc420595f38"},
    {file = "protobuf-4.23.1-cp39-cp39-win32.whl", hash = "sha256:91fac0753c3c4951fbb98a93271c43cc7cf3b93cf67747b3e600bb1e5cc14d61"},
    {file = "protobuf-4.23.1-cp39-cp39-win_amd64.whl", hash = "sha256:ac50be82491369a9ec3710565777e4da87c6d2e20404e0abb1f3a8f10ffd20f0"},
    {file = "protobuf-4.23.1-py3-none-any.whl", hash = "sha256:65f0ac96ef67d7dd09b19a46aad81a851b6f85f89725577f16de38f2d68ad477"},
    {file = "protobuf-4.23.1.tar.gz", hash = "sha256:95789b569418a3e32a53f43d7763be3d490a831e9c08042539462b6d972c2d7e"},
]

[[package]]
name = "protoletariat"
version = "3.2.19"
description = "Python protocol buffers for the rest of us"
optional = false
python-versions = ">=3.8,<4.0"
files = [
    {file = "protoletariat-3.2.19-py3-none-any.whl", hash = "sha256:4bed510011cb352b26998008167a5a7ae697fb49d76fe4848bffa27856feab35"},
    {file = "protoletariat-3.2.19.tar.gz", hash = "sha256:3c23aa88bcceadde5a589bf0c1dd91e08636309e5b3d115ddebb38f5b1873d53"},
]

[package.dependencies]
click = ">=8,<9"
protobuf = ">=3.19.1,<5"

[package.extras]
grpcio-tools = ["grpcio-tools (>=1.42.0,<2)"]

[[package]]
name = "pyserial"
version = "3.5"
description = "Python Serial Port Extension"
optional = false
python-versions = "*"
files = [
    {file = "pyserial-3.5-py2.py3-none-any.whl", hash = "sha256:c4451db6ba391ca6ca299fb3ec7bae67a5c55dde170964c7a14ceefec02f2cf0"},
    {file = "pyserial-3.5.tar.gz", hash = "sha256:3c77e014170dfffbd816e6ffc205e9842efb10be9f58ec16d3e8675b4925cddb"},
]

[package.extras]
cp2110 = ["hidapi"]

[[package]]
name = "pyserial-asyncio"
version = "0.6"
description = "Python Serial Port Extension - Asynchronous I/O support"
optional = false
python-versions = "*"
files = [
    {file = "pyserial-asyncio-0.6.tar.gz", hash = "sha256:b6032923e05e9d75ec17a5af9a98429c46d2839adfaf80604d52e0faacd7a32f"},
    {file = "pyserial_asyncio-0.6-py3-none-any.whl", hash = "sha256:de9337922619421b62b9b1a84048634b3ac520e1d690a674ed246a2af7ce1fc5"},
]

[package.dependencies]
pyserial = "*"

[[package]]
name = "setuptools"
version = "70.0.0"
description = "Easily download, build, install, upgrade, and uninstall Python packages"
optional = false
python-versions = ">=3.8"
files = [
    {file = "setuptools-70.0.0-py3-none-any.whl", hash = "sha256:54faa7f2e8d2d11bcd2c07bed282eef1046b5c080d1c32add737d7b5817b1ad4"},
    {file = "setuptools-70.0.0.tar.gz", hash = "sha256:f211a66637b8fa059bb28183da127d4e86396c991a942b028c6650d4319c3fd0"},
]

[package.extras]
docs = ["furo", "jaraco.packaging (>=9.3)", "jaraco.tidelift (>=1.4)", "pygments-github-lexers (==0.0.5)", "pyproject-hooks (!=1.1)", "rst.linker (>=1.9)", "sphinx (>=3.5)", "sphinx-favicon", "sphinx-inline-tabs", "sphinx-lint", "sphinx-notfound-page (>=1,<2)", "sphinx-reredirects", "sphinxcontrib-towncrier"]
testing = ["build[virtualenv] (>=1.0.3)", "filelock (>=3.4.0)", "importlib-metadata", "ini2toml[lite] (>=0.14)", "jaraco.develop (>=7.21)", "jaraco.envs (>=2.2)", "jaraco.path (>=3.2.0)", "mypy (==1.9)", "packaging (>=23.2)", "pip (>=19.1)", "pyproject-hooks (!=1.1)", "pytest (>=6,!=8.1.1)", "pytest-checkdocs (>=2.4)", "pytest-cov", "pytest-enabler (>=2.2)", "pytest-home (>=0.5)", "pytest-mypy", "pytest-perf", "pytest-ruff (>=0.2.1)", "pytest-subprocess", "pytest-timeout", "pytest-xdist (>=3)", "tomli", "tomli-w (>=1.0.0)", "virtualenv (>=13.0.0)", "wheel"]

[[package]]
name = "setuptools-git-versioning"
version = "2.0.0"
description = "Use git repo data for building a version number according PEP-440"
optional = false
python-versions = ">=3.7"
files = [
    {file = "setuptools-git-versioning-2.0.0.tar.gz", hash = "sha256:85b5fbe7bda8e9c24bbd9e587a9d4b91129417f4dd3e11e3c0d5f3f835fc4d4d"},
    {file = "setuptools_git_versioning-2.0.0-py3-none-any.whl", hash = "sha256:72d6e473fc4e86f8563ce411e6c9057766c99aa40b84c862276b48f387eb8e93"},
]

[package.dependencies]
packaging = "*"
setuptools = "*"

[metadata]
lock-version = "2.0"
python-versions = "^3.11"
content-hash = "a805138f3c18fddbb9b7f1a5c4f427a6c3e14d6c31d860eb3a21ecc25e9e144f"
